// !$*UTF8*$!
{
	archiveVersion = 1;
	classes = {
	};
	objectVersion = 50;
	objects = {

/* Begin PBXBuildFile section */
		4CA0AE1021EEDFB90028429D /* AppDelegate.swift in Sources */ = {isa = PBXBuildFile; fileRef = 4CA0AE0F21EEDFB90028429D /* AppDelegate.swift */; };
		4CA0AE1221EEDFB90028429D /* ViewController.swift in Sources */ = {isa = PBXBuildFile; fileRef = 4CA0AE1121EEDFB90028429D /* ViewController.swift */; };
		4CA0AE1521EEDFB90028429D /* Main.storyboard in Resources */ = {isa = PBXBuildFile; fileRef = 4CA0AE1321EEDFB90028429D /* Main.storyboard */; };
		4CA0AE1721EEDFBA0028429D /* Assets.xcassets in Resources */ = {isa = PBXBuildFile; fileRef = 4CA0AE1621EEDFBA0028429D /* Assets.xcassets */; };
		4CA0AE1A21EEDFBA0028429D /* LaunchScreen.storyboard in Resources */ = {isa = PBXBuildFile; fileRef = 4CA0AE1821EEDFBA0028429D /* LaunchScreen.storyboard */; };
		4CA0AE2521EEDFBA0028429D /* ScheduleAppTests.swift in Sources */ = {isa = PBXBuildFile; fileRef = 4CA0AE2421EEDFBA0028429D /* ScheduleAppTests.swift */; };
		4CA0AE3021EEDFBA0028429D /* ScheduleAppUITests.swift in Sources */ = {isa = PBXBuildFile; fileRef = 4CA0AE2F21EEDFBA0028429D /* ScheduleAppUITests.swift */; };
		4CA0AE4421EEE0250028429D /* NotificationCenter.framework in Frameworks */ = {isa = PBXBuildFile; fileRef = 4CA0AE4321EEE0250028429D /* NotificationCenter.framework */; };
		4CA0AE4721EEE0250028429D /* TodayViewController.swift in Sources */ = {isa = PBXBuildFile; fileRef = 4CA0AE4621EEE0250028429D /* TodayViewController.swift */; };
		4CA0AE4A21EEE0250028429D /* MainInterface.storyboard in Resources */ = {isa = PBXBuildFile; fileRef = 4CA0AE4821EEE0250028429D /* MainInterface.storyboard */; };
		4CA0AE4E21EEE0250028429D /* ScheduleAppExt.appex in Embed App Extensions */ = {isa = PBXBuildFile; fileRef = 4CA0AE4121EEE0250028429D /* ScheduleAppExt.appex */; settings = {ATTRIBUTES = (RemoveHeadersOnCopy, ); }; };
/* End PBXBuildFile section */

/* Begin PBXContainerItemProxy section */
		4CA0AE2121EEDFBA0028429D /* PBXContainerItemProxy */ = {
			isa = PBXContainerItemProxy;
			containerPortal = 4CA0AE0421EEDFB90028429D /* Project object */;
			proxyType = 1;
			remoteGlobalIDString = 4CA0AE0B21EEDFB90028429D;
			remoteInfo = ScheduleApp;
		};
		4CA0AE2C21EEDFBA0028429D /* PBXContainerItemProxy */ = {
			isa = PBXContainerItemProxy;
			containerPortal = 4CA0AE0421EEDFB90028429D /* Project object */;
			proxyType = 1;
			remoteGlobalIDString = 4CA0AE0B21EEDFB90028429D;
			remoteInfo = ScheduleApp;
		};
		4CA0AE4C21EEE0250028429D /* PBXContainerItemProxy */ = {
			isa = PBXContainerItemProxy;
			containerPortal = 4CA0AE0421EEDFB90028429D /* Project object */;
			proxyType = 1;
			remoteGlobalIDString = 4CA0AE4021EEE0250028429D;
			remoteInfo = ScheduleAppExt;
		};
/* End PBXContainerItemProxy section */

/* Begin PBXCopyFilesBuildPhase section */
		4CA0AE5221EEE0250028429D /* Embed App Extensions */ = {
			isa = PBXCopyFilesBuildPhase;
			buildActionMask = 2147483647;
			dstPath = "";
			dstSubfolderSpec = 13;
			files = (
				4CA0AE4E21EEE0250028429D /* ScheduleAppExt.appex in Embed App Extensions */,
			);
			name = "Embed App Extensions";
			runOnlyForDeploymentPostprocessing = 0;
		};
/* End PBXCopyFilesBuildPhase section */

/* Begin PBXFileReference section */
		4CA0AE0C21EEDFB90028429D /* ScheduleApp.app */ = {isa = PBXFileReference; explicitFileType = wrapper.application; includeInIndex = 0; path = ScheduleApp.app; sourceTree = BUILT_PRODUCTS_DIR; };
		4CA0AE0F21EEDFB90028429D /* AppDelegate.swift */ = {isa = PBXFileReference; lastKnownFileType = sourcecode.swift; path = AppDelegate.swift; sourceTree = "<group>"; };
		4CA0AE1121EEDFB90028429D /* ViewController.swift */ = {isa = PBXFileReference; lastKnownFileType = sourcecode.swift; path = ViewController.swift; sourceTree = "<group>"; };
		4CA0AE1421EEDFB90028429D /* Base */ = {isa = PBXFileReference; lastKnownFileType = file.storyboard; name = Base; path = Base.lproj/Main.storyboard; sourceTree = "<group>"; };
		4CA0AE1621EEDFBA0028429D /* Assets.xcassets */ = {isa = PBXFileReference; lastKnownFileType = folder.assetcatalog; path = Assets.xcassets; sourceTree = "<group>"; };
		4CA0AE1921EEDFBA0028429D /* Base */ = {isa = PBXFileReference; lastKnownFileType = file.storyboard; name = Base; path = Base.lproj/LaunchScreen.storyboard; sourceTree = "<group>"; };
		4CA0AE1B21EEDFBA0028429D /* Info.plist */ = {isa = PBXFileReference; lastKnownFileType = text.plist.xml; path = Info.plist; sourceTree = "<group>"; };
		4CA0AE2021EEDFBA0028429D /* ScheduleAppTests.xctest */ = {isa = PBXFileReference; explicitFileType = wrapper.cfbundle; includeInIndex = 0; path = ScheduleAppTests.xctest; sourceTree = BUILT_PRODUCTS_DIR; };
		4CA0AE2421EEDFBA0028429D /* ScheduleAppTests.swift */ = {isa = PBXFileReference; lastKnownFileType = sourcecode.swift; path = ScheduleAppTests.swift; sourceTree = "<group>"; };
		4CA0AE2621EEDFBA0028429D /* Info.plist */ = {isa = PBXFileReference; lastKnownFileType = text.plist.xml; path = Info.plist; sourceTree = "<group>"; };
		4CA0AE2B21EEDFBA0028429D /* ScheduleAppUITests.xctest */ = {isa = PBXFileReference; explicitFileType = wrapper.cfbundle; includeInIndex = 0; path = ScheduleAppUITests.xctest; sourceTree = BUILT_PRODUCTS_DIR; };
		4CA0AE2F21EEDFBA0028429D /* ScheduleAppUITests.swift */ = {isa = PBXFileReference; lastKnownFileType = sourcecode.swift; path = ScheduleAppUITests.swift; sourceTree = "<group>"; };
		4CA0AE3121EEDFBA0028429D /* Info.plist */ = {isa = PBXFileReference; lastKnownFileType = text.plist.xml; path = Info.plist; sourceTree = "<group>"; };
		4CA0AE4121EEE0250028429D /* ScheduleAppExt.appex */ = {isa = PBXFileReference; explicitFileType = "wrapper.app-extension"; includeInIndex = 0; path = ScheduleAppExt.appex; sourceTree = BUILT_PRODUCTS_DIR; };
		4CA0AE4321EEE0250028429D /* NotificationCenter.framework */ = {isa = PBXFileReference; lastKnownFileType = wrapper.framework; name = NotificationCenter.framework; path = System/Library/Frameworks/NotificationCenter.framework; sourceTree = SDKROOT; };
		4CA0AE4621EEE0250028429D /* TodayViewController.swift */ = {isa = PBXFileReference; lastKnownFileType = sourcecode.swift; path = TodayViewController.swift; sourceTree = "<group>"; };
		4CA0AE4921EEE0250028429D /* Base */ = {isa = PBXFileReference; lastKnownFileType = file.storyboard; name = Base; path = Base.lproj/MainInterface.storyboard; sourceTree = "<group>"; };
		4CA0AE4B21EEE0250028429D /* Info.plist */ = {isa = PBXFileReference; lastKnownFileType = text.plist.xml; path = Info.plist; sourceTree = "<group>"; };
		4CA0AE5321EEE3510028429D /* ScheduleAppExt.entitlements */ = {isa = PBXFileReference; lastKnownFileType = text.plist.entitlements; path = ScheduleAppExt.entitlements; sourceTree = "<group>"; };
		4CA0AE5421EEF9770028429D /* ScheduleApp.entitlements */ = {isa = PBXFileReference; lastKnownFileType = text.plist.entitlements; path = ScheduleApp.entitlements; sourceTree = "<group>"; };
/* End PBXFileReference section */

/* Begin PBXFrameworksBuildPhase section */
		4CA0AE0921EEDFB90028429D /* Frameworks */ = {
			isa = PBXFrameworksBuildPhase;
			buildActionMask = 2147483647;
			files = (
			);
			runOnlyForDeploymentPostprocessing = 0;
		};
		4CA0AE1D21EEDFBA0028429D /* Frameworks */ = {
			isa = PBXFrameworksBuildPhase;
			buildActionMask = 2147483647;
			files = (
			);
			runOnlyForDeploymentPostprocessing = 0;
		};
		4CA0AE2821EEDFBA0028429D /* Frameworks */ = {
			isa = PBXFrameworksBuildPhase;
			buildActionMask = 2147483647;
			files = (
			);
			runOnlyForDeploymentPostprocessing = 0;
		};
		4CA0AE3E21EEE0250028429D /* Frameworks */ = {
			isa = PBXFrameworksBuildPhase;
			buildActionMask = 2147483647;
			files = (
				4CA0AE4421EEE0250028429D /* NotificationCenter.framework in Frameworks */,
			);
			runOnlyForDeploymentPostprocessing = 0;
		};
/* End PBXFrameworksBuildPhase section */

/* Begin PBXGroup section */
		4CA0AE0321EEDFB90028429D = {
			isa = PBXGroup;
			children = (
				4CA0AE0E21EEDFB90028429D /* ScheduleApp */,
				4CA0AE2321EEDFBA0028429D /* ScheduleAppTests */,
				4CA0AE2E21EEDFBA0028429D /* ScheduleAppUITests */,
				4CA0AE4521EEE0250028429D /* ScheduleAppExt */,
				4CA0AE4221EEE0250028429D /* Frameworks */,
				4CA0AE0D21EEDFB90028429D /* Products */,
			);
			sourceTree = "<group>";
		};
		4CA0AE0D21EEDFB90028429D /* Products */ = {
			isa = PBXGroup;
			children = (
				4CA0AE0C21EEDFB90028429D /* ScheduleApp.app */,
				4CA0AE2021EEDFBA0028429D /* ScheduleAppTests.xctest */,
				4CA0AE2B21EEDFBA0028429D /* ScheduleAppUITests.xctest */,
				4CA0AE4121EEE0250028429D /* ScheduleAppExt.appex */,
			);
			name = Products;
			sourceTree = "<group>";
		};
		4CA0AE0E21EEDFB90028429D /* ScheduleApp */ = {
			isa = PBXGroup;
			children = (
				4CA0AE5421EEF9770028429D /* ScheduleApp.entitlements */,
				4CA0AE0F21EEDFB90028429D /* AppDelegate.swift */,
				4CA0AE1121EEDFB90028429D /* ViewController.swift */,
				4CA0AE1321EEDFB90028429D /* Main.storyboard */,
				4CA0AE1621EEDFBA0028429D /* Assets.xcassets */,
				4CA0AE1821EEDFBA0028429D /* LaunchScreen.storyboard */,
				4CA0AE1B21EEDFBA0028429D /* Info.plist */,
			);
			path = ScheduleApp;
			sourceTree = "<group>";
		};
		4CA0AE2321EEDFBA0028429D /* ScheduleAppTests */ = {
			isa = PBXGroup;
			children = (
				4CA0AE2421EEDFBA0028429D /* ScheduleAppTests.swift */,
				4CA0AE2621EEDFBA0028429D /* Info.plist */,
			);
			path = ScheduleAppTests;
			sourceTree = "<group>";
		};
		4CA0AE2E21EEDFBA0028429D /* ScheduleAppUITests */ = {
			isa = PBXGroup;
			children = (
				4CA0AE2F21EEDFBA0028429D /* ScheduleAppUITests.swift */,
				4CA0AE3121EEDFBA0028429D /* Info.plist */,
			);
			path = ScheduleAppUITests;
			sourceTree = "<group>";
		};
		4CA0AE4221EEE0250028429D /* Frameworks */ = {
			isa = PBXGroup;
			children = (
				4CA0AE4321EEE0250028429D /* NotificationCenter.framework */,
			);
			name = Frameworks;
			sourceTree = "<group>";
		};
		4CA0AE4521EEE0250028429D /* ScheduleAppExt */ = {
			isa = PBXGroup;
			children = (
				4CA0AE5321EEE3510028429D /* ScheduleAppExt.entitlements */,
				4CA0AE4621EEE0250028429D /* TodayViewController.swift */,
				4CA0AE4821EEE0250028429D /* MainInterface.storyboard */,
				4CA0AE4B21EEE0250028429D /* Info.plist */,
			);
			path = ScheduleAppExt;
			sourceTree = "<group>";
		};
/* End PBXGroup section */

/* Begin PBXNativeTarget section */
		4CA0AE0B21EEDFB90028429D /* ScheduleApp */ = {
			isa = PBXNativeTarget;
			buildConfigurationList = 4CA0AE3421EEDFBA0028429D /* Build configuration list for PBXNativeTarget "ScheduleApp" */;
			buildPhases = (
				4CA0AE0821EEDFB90028429D /* Sources */,
				4CA0AE0921EEDFB90028429D /* Frameworks */,
				4CA0AE0A21EEDFB90028429D /* Resources */,
				4CA0AE5221EEE0250028429D /* Embed App Extensions */,
			);
			buildRules = (
			);
			dependencies = (
				4CA0AE4D21EEE0250028429D /* PBXTargetDependency */,
			);
			name = ScheduleApp;
			productName = ScheduleApp;
			productReference = 4CA0AE0C21EEDFB90028429D /* ScheduleApp.app */;
			productType = "com.apple.product-type.application";
		};
		4CA0AE1F21EEDFBA0028429D /* ScheduleAppTests */ = {
			isa = PBXNativeTarget;
			buildConfigurationList = 4CA0AE3721EEDFBA0028429D /* Build configuration list for PBXNativeTarget "ScheduleAppTests" */;
			buildPhases = (
				4CA0AE1C21EEDFBA0028429D /* Sources */,
				4CA0AE1D21EEDFBA0028429D /* Frameworks */,
				4CA0AE1E21EEDFBA0028429D /* Resources */,
			);
			buildRules = (
			);
			dependencies = (
				4CA0AE2221EEDFBA0028429D /* PBXTargetDependency */,
			);
			name = ScheduleAppTests;
			productName = ScheduleAppTests;
			productReference = 4CA0AE2021EEDFBA0028429D /* ScheduleAppTests.xctest */;
			productType = "com.apple.product-type.bundle.unit-test";
		};
		4CA0AE2A21EEDFBA0028429D /* ScheduleAppUITests */ = {
			isa = PBXNativeTarget;
			buildConfigurationList = 4CA0AE3A21EEDFBA0028429D /* Build configuration list for PBXNativeTarget "ScheduleAppUITests" */;
			buildPhases = (
				4CA0AE2721EEDFBA0028429D /* Sources */,
				4CA0AE2821EEDFBA0028429D /* Frameworks */,
				4CA0AE2921EEDFBA0028429D /* Resources */,
			);
			buildRules = (
			);
			dependencies = (
				4CA0AE2D21EEDFBA0028429D /* PBXTargetDependency */,
			);
			name = ScheduleAppUITests;
			productName = ScheduleAppUITests;
			productReference = 4CA0AE2B21EEDFBA0028429D /* ScheduleAppUITests.xctest */;
			productType = "com.apple.product-type.bundle.ui-testing";
		};
		4CA0AE4021EEE0250028429D /* ScheduleAppExt */ = {
			isa = PBXNativeTarget;
			buildConfigurationList = 4CA0AE4F21EEE0250028429D /* Build configuration list for PBXNativeTarget "ScheduleAppExt" */;
			buildPhases = (
				4CA0AE3D21EEE0250028429D /* Sources */,
				4CA0AE3E21EEE0250028429D /* Frameworks */,
				4CA0AE3F21EEE0250028429D /* Resources */,
			);
			buildRules = (
			);
			dependencies = (
			);
			name = ScheduleAppExt;
			productName = ScheduleAppExt;
			productReference = 4CA0AE4121EEE0250028429D /* ScheduleAppExt.appex */;
			productType = "com.apple.product-type.app-extension";
		};
/* End PBXNativeTarget section */

/* Begin PBXProject section */
		4CA0AE0421EEDFB90028429D /* Project object */ = {
			isa = PBXProject;
			attributes = {
				LastSwiftUpdateCheck = 1010;
				LastUpgradeCheck = 1010;
				ORGANIZATIONNAME = "Rolf Locher";
				TargetAttributes = {
					4CA0AE0B21EEDFB90028429D = {
						CreatedOnToolsVersion = 10.1;
						SystemCapabilities = {
							com.apple.ApplicationGroups.iOS = {
								enabled = 1;
							};
						};
					};
					4CA0AE1F21EEDFBA0028429D = {
						CreatedOnToolsVersion = 10.1;
						TestTargetID = 4CA0AE0B21EEDFB90028429D;
					};
					4CA0AE2A21EEDFBA0028429D = {
						CreatedOnToolsVersion = 10.1;
						TestTargetID = 4CA0AE0B21EEDFB90028429D;
					};
					4CA0AE4021EEE0250028429D = {
						CreatedOnToolsVersion = 10.1;
						SystemCapabilities = {
							com.apple.ApplicationGroups.iOS = {
								enabled = 1;
							};
						};
					};
				};
			};
			buildConfigurationList = 4CA0AE0721EEDFB90028429D /* Build configuration list for PBXProject "ScheduleApp" */;
			compatibilityVersion = "Xcode 9.3";
			developmentRegion = en;
			hasScannedForEncodings = 0;
			knownRegions = (
				en,
				Base,
			);
			mainGroup = 4CA0AE0321EEDFB90028429D;
			productRefGroup = 4CA0AE0D21EEDFB90028429D /* Products */;
			projectDirPath = "";
			projectRoot = "";
			targets = (
				4CA0AE0B21EEDFB90028429D /* ScheduleApp */,
				4CA0AE1F21EEDFBA0028429D /* ScheduleAppTests */,
				4CA0AE2A21EEDFBA0028429D /* ScheduleAppUITests */,
				4CA0AE4021EEE0250028429D /* ScheduleAppExt */,
			);
		};
/* End PBXProject section */

/* Begin PBXResourcesBuildPhase section */
		4CA0AE0A21EEDFB90028429D /* Resources */ = {
			isa = PBXResourcesBuildPhase;
			buildActionMask = 2147483647;
			files = (
				4CA0AE1A21EEDFBA0028429D /* LaunchScreen.storyboard in Resources */,
				4CA0AE1721EEDFBA0028429D /* Assets.xcassets in Resources */,
				4CA0AE1521EEDFB90028429D /* Main.storyboard in Resources */,
			);
			runOnlyForDeploymentPostprocessing = 0;
		};
		4CA0AE1E21EEDFBA0028429D /* Resources */ = {
			isa = PBXResourcesBuildPhase;
			buildActionMask = 2147483647;
			files = (
			);
			runOnlyForDeploymentPostprocessing = 0;
		};
		4CA0AE2921EEDFBA0028429D /* Resources */ = {
			isa = PBXResourcesBuildPhase;
			buildActionMask = 2147483647;
			files = (
			);
			runOnlyForDeploymentPostprocessing = 0;
		};
		4CA0AE3F21EEE0250028429D /* Resources */ = {
			isa = PBXResourcesBuildPhase;
			buildActionMask = 2147483647;
			files = (
				4CA0AE4A21EEE0250028429D /* MainInterface.storyboard in Resources */,
			);
			runOnlyForDeploymentPostprocessing = 0;
		};
/* End PBXResourcesBuildPhase section */

/* Begin PBXSourcesBuildPhase section */
		4CA0AE0821EEDFB90028429D /* Sources */ = {
			isa = PBXSourcesBuildPhase;
			buildActionMask = 2147483647;
			files = (
				4CA0AE1221EEDFB90028429D /* ViewController.swift in Sources */,
				4CA0AE1021EEDFB90028429D /* AppDelegate.swift in Sources */,
			);
			runOnlyForDeploymentPostprocessing = 0;
		};
		4CA0AE1C21EEDFBA0028429D /* Sources */ = {
			isa = PBXSourcesBuildPhase;
			buildActionMask = 2147483647;
			files = (
				4CA0AE2521EEDFBA0028429D /* ScheduleAppTests.swift in Sources */,
			);
			runOnlyForDeploymentPostprocessing = 0;
		};
		4CA0AE2721EEDFBA0028429D /* Sources */ = {
			isa = PBXSourcesBuildPhase;
			buildActionMask = 2147483647;
			files = (
				4CA0AE3021EEDFBA0028429D /* ScheduleAppUITests.swift in Sources */,
			);
			runOnlyForDeploymentPostprocessing = 0;
		};
		4CA0AE3D21EEE0250028429D /* Sources */ = {
			isa = PBXSourcesBuildPhase;
			buildActionMask = 2147483647;
			files = (
				4CA0AE4721EEE0250028429D /* TodayViewController.swift in Sources */,
			);
			runOnlyForDeploymentPostprocessing = 0;
		};
/* End PBXSourcesBuildPhase section */

/* Begin PBXTargetDependency section */
		4CA0AE2221EEDFBA0028429D /* PBXTargetDependency */ = {
			isa = PBXTargetDependency;
			target = 4CA0AE0B21EEDFB90028429D /* ScheduleApp */;
			targetProxy = 4CA0AE2121EEDFBA0028429D /* PBXContainerItemProxy */;
		};
		4CA0AE2D21EEDFBA0028429D /* PBXTargetDependency */ = {
			isa = PBXTargetDependency;
			target = 4CA0AE0B21EEDFB90028429D /* ScheduleApp */;
			targetProxy = 4CA0AE2C21EEDFBA0028429D /* PBXContainerItemProxy */;
		};
		4CA0AE4D21EEE0250028429D /* PBXTargetDependency */ = {
			isa = PBXTargetDependency;
			target = 4CA0AE4021EEE0250028429D /* ScheduleAppExt */;
			targetProxy = 4CA0AE4C21EEE0250028429D /* PBXContainerItemProxy */;
		};
/* End PBXTargetDependency section */

/* Begin PBXVariantGroup section */
		4CA0AE1321EEDFB90028429D /* Main.storyboard */ = {
			isa = PBXVariantGroup;
			children = (
				4CA0AE1421EEDFB90028429D /* Base */,
			);
			name = Main.storyboard;
			sourceTree = "<group>";
		};
		4CA0AE1821EEDFBA0028429D /* LaunchScreen.storyboard */ = {
			isa = PBXVariantGroup;
			children = (
				4CA0AE1921EEDFBA0028429D /* Base */,
			);
			name = LaunchScreen.storyboard;
			sourceTree = "<group>";
		};
		4CA0AE4821EEE0250028429D /* MainInterface.storyboard */ = {
			isa = PBXVariantGroup;
			children = (
				4CA0AE4921EEE0250028429D /* Base */,
			);
			name = MainInterface.storyboard;
			sourceTree = "<group>";
		};
/* End PBXVariantGroup section */

/* Begin XCBuildConfiguration section */
		4CA0AE3221EEDFBA0028429D /* Debug */ = {
			isa = XCBuildConfiguration;
			buildSettings = {
				ALWAYS_SEARCH_USER_PATHS = NO;
				CLANG_ANALYZER_NONNULL = YES;
				CLANG_ANALYZER_NUMBER_OBJECT_CONVERSION = YES_AGGRESSIVE;
				CLANG_CXX_LANGUAGE_STANDARD = "gnu++14";
				CLANG_CXX_LIBRARY = "libc++";
				CLANG_ENABLE_MODULES = YES;
				CLANG_ENABLE_OBJC_ARC = YES;
				CLANG_ENABLE_OBJC_WEAK = YES;
				CLANG_WARN_BLOCK_CAPTURE_AUTORELEASING = YES;
				CLANG_WARN_BOOL_CONVERSION = YES;
				CLANG_WARN_COMMA = YES;
				CLANG_WARN_CONSTANT_CONVERSION = YES;
				CLANG_WARN_DEPRECATED_OBJC_IMPLEMENTATIONS = YES;
				CLANG_WARN_DIRECT_OBJC_ISA_USAGE = YES_ERROR;
				CLANG_WARN_DOCUMENTATION_COMMENTS = YES;
				CLANG_WARN_EMPTY_BODY = YES;
				CLANG_WARN_ENUM_CONVERSION = YES;
				CLANG_WARN_INFINITE_RECURSION = YES;
				CLANG_WARN_INT_CONVERSION = YES;
				CLANG_WARN_NON_LITERAL_NULL_CONVERSION = YES;
				CLANG_WARN_OBJC_IMPLICIT_RETAIN_SELF = YES;
				CLANG_WARN_OBJC_LITERAL_CONVERSION = YES;
				CLANG_WARN_OBJC_ROOT_CLASS = YES_ERROR;
				CLANG_WARN_RANGE_LOOP_ANALYSIS = YES;
				CLANG_WARN_STRICT_PROTOTYPES = YES;
				CLANG_WARN_SUSPICIOUS_MOVE = YES;
				CLANG_WARN_UNGUARDED_AVAILABILITY = YES_AGGRESSIVE;
				CLANG_WARN_UNREACHABLE_CODE = YES;
				CLANG_WARN__DUPLICATE_METHOD_MATCH = YES;
				CODE_SIGN_IDENTITY = "iPhone Developer";
				COPY_PHASE_STRIP = NO;
				DEBUG_INFORMATION_FORMAT = dwarf;
				ENABLE_STRICT_OBJC_MSGSEND = YES;
				ENABLE_TESTABILITY = YES;
				GCC_C_LANGUAGE_STANDARD = gnu11;
				GCC_DYNAMIC_NO_PIC = NO;
				GCC_NO_COMMON_BLOCKS = YES;
				GCC_OPTIMIZATION_LEVEL = 0;
				GCC_PREPROCESSOR_DEFINITIONS = (
					"DEBUG=1",
					"$(inherited)",
				);
				GCC_WARN_64_TO_32_BIT_CONVERSION = YES;
				GCC_WARN_ABOUT_RETURN_TYPE = YES_ERROR;
				GCC_WARN_UNDECLARED_SELECTOR = YES;
				GCC_WARN_UNINITIALIZED_AUTOS = YES_AGGRESSIVE;
				GCC_WARN_UNUSED_FUNCTION = YES;
				GCC_WARN_UNUSED_VARIABLE = YES;
				IPHONEOS_DEPLOYMENT_TARGET = 12.1;
				MTL_ENABLE_DEBUG_INFO = INCLUDE_SOURCE;
				MTL_FAST_MATH = YES;
				ONLY_ACTIVE_ARCH = YES;
				SDKROOT = iphoneos;
				SWIFT_ACTIVE_COMPILATION_CONDITIONS = DEBUG;
				SWIFT_OPTIMIZATION_LEVEL = "-Onone";
			};
			name = Debug;
		};
		4CA0AE3321EEDFBA0028429D /* Release */ = {
			isa = XCBuildConfiguration;
			buildSettings = {
				ALWAYS_SEARCH_USER_PATHS = NO;
				CLANG_ANALYZER_NONNULL = YES;
				CLANG_ANALYZER_NUMBER_OBJECT_CONVERSION = YES_AGGRESSIVE;
				CLANG_CXX_LANGUAGE_STANDARD = "gnu++14";
				CLANG_CXX_LIBRARY = "libc++";
				CLANG_ENABLE_MODULES = YES;
				CLANG_ENABLE_OBJC_ARC = YES;
				CLANG_ENABLE_OBJC_WEAK = YES;
				CLANG_WARN_BLOCK_CAPTURE_AUTORELEASING = YES;
				CLANG_WARN_BOOL_CONVERSION = YES;
				CLANG_WARN_COMMA = YES;
				CLANG_WARN_CONSTANT_CONVERSION = YES;
				CLANG_WARN_DEPRECATED_OBJC_IMPLEMENTATIONS = YES;
				CLANG_WARN_DIRECT_OBJC_ISA_USAGE = YES_ERROR;
				CLANG_WARN_DOCUMENTATION_COMMENTS = YES;
				CLANG_WARN_EMPTY_BODY = YES;
				CLANG_WARN_ENUM_CONVERSION = YES;
				CLANG_WARN_INFINITE_RECURSION = YES;
				CLANG_WARN_INT_CONVERSION = YES;
				CLANG_WARN_NON_LITERAL_NULL_CONVERSION = YES;
				CLANG_WARN_OBJC_IMPLICIT_RETAIN_SELF = YES;
				CLANG_WARN_OBJC_LITERAL_CONVERSION = YES;
				CLANG_WARN_OBJC_ROOT_CLASS = YES_ERROR;
				CLANG_WARN_RANGE_LOOP_ANALYSIS = YES;
				CLANG_WARN_STRICT_PROTOTYPES = YES;
				CLANG_WARN_SUSPICIOUS_MOVE = YES;
				CLANG_WARN_UNGUARDED_AVAILABILITY = YES_AGGRESSIVE;
				CLANG_WARN_UNREACHABLE_CODE = YES;
				CLANG_WARN__DUPLICATE_METHOD_MATCH = YES;
				CODE_SIGN_IDENTITY = "iPhone Developer";
				COPY_PHASE_STRIP = NO;
				DEBUG_INFORMATION_FORMAT = "dwarf-with-dsym";
				ENABLE_NS_ASSERTIONS = NO;
				ENABLE_STRICT_OBJC_MSGSEND = YES;
				GCC_C_LANGUAGE_STANDARD = gnu11;
				GCC_NO_COMMON_BLOCKS = YES;
				GCC_WARN_64_TO_32_BIT_CONVERSION = YES;
				GCC_WARN_ABOUT_RETURN_TYPE = YES_ERROR;
				GCC_WARN_UNDECLARED_SELECTOR = YES;
				GCC_WARN_UNINITIALIZED_AUTOS = YES_AGGRESSIVE;
				GCC_WARN_UNUSED_FUNCTION = YES;
				GCC_WARN_UNUSED_VARIABLE = YES;
				IPHONEOS_DEPLOYMENT_TARGET = 12.1;
				MTL_ENABLE_DEBUG_INFO = NO;
				MTL_FAST_MATH = YES;
				SDKROOT = iphoneos;
				SWIFT_COMPILATION_MODE = wholemodule;
				SWIFT_OPTIMIZATION_LEVEL = "-O";
				VALIDATE_PRODUCT = YES;
			};
			name = Release;
		};
		4CA0AE3521EEDFBA0028429D /* Debug */ = {
			isa = XCBuildConfiguration;
			buildSettings = {
				ALWAYS_EMBED_SWIFT_STANDARD_LIBRARIES = YES;
				ASSETCATALOG_COMPILER_APPICON_NAME = AppIcon;
				CODE_SIGN_ENTITLEMENTS = ScheduleApp/ScheduleApp.entitlements;
				CODE_SIGN_STYLE = Automatic;
				DEVELOPMENT_TEAM = UX7GPB828A;
				INFOPLIST_FILE = ScheduleApp/Info.plist;
				LD_RUNPATH_SEARCH_PATHS = (
					"$(inherited)",
					"@executable_path/Frameworks",
				);
				PRODUCT_BUNDLE_IDENTIFIER = rolflocher.ScheduleApp;
				PRODUCT_NAME = "$(TARGET_NAME)";
				SWIFT_VERSION = 4.2;
				TARGETED_DEVICE_FAMILY = "1,2";
			};
			name = Debug;
		};
		4CA0AE3621EEDFBA0028429D /* Release */ = {
			isa = XCBuildConfiguration;
			buildSettings = {
				ALWAYS_EMBED_SWIFT_STANDARD_LIBRARIES = YES;
				ASSETCATALOG_COMPILER_APPICON_NAME = AppIcon;
				CODE_SIGN_ENTITLEMENTS = ScheduleApp/ScheduleApp.entitlements;
				CODE_SIGN_STYLE = Automatic;
				DEVELOPMENT_TEAM = UX7GPB828A;
				INFOPLIST_FILE = ScheduleApp/Info.plist;
				LD_RUNPATH_SEARCH_PATHS = (
					"$(inherited)",
					"@executable_path/Frameworks",
				);
				PRODUCT_BUNDLE_IDENTIFIER = rolflocher.ScheduleApp;
				PRODUCT_NAME = "$(TARGET_NAME)";
				SWIFT_VERSION = 4.2;
				TARGETED_DEVICE_FAMILY = "1,2";
			};
			name = Release;
		};
		4CA0AE3821EEDFBA0028429D /* Debug */ = {
			isa = XCBuildConfiguration;
			buildSettings = {
				ALWAYS_EMBED_SWIFT_STANDARD_LIBRARIES = YES;
				BUNDLE_LOADER = "$(TEST_HOST)";
				CODE_SIGN_STYLE = Automatic;
				INFOPLIST_FILE = ScheduleAppTests/Info.plist;
				LD_RUNPATH_SEARCH_PATHS = (
					"$(inherited)",
					"@executable_path/Frameworks",
					"@loader_path/Frameworks",
				);
				PRODUCT_BUNDLE_IDENTIFIER = rolflocher.ScheduleAppTests;
				PRODUCT_NAME = "$(TARGET_NAME)";
				SWIFT_VERSION = 4.2;
				TARGETED_DEVICE_FAMILY = "1,2";
				TEST_HOST = "$(BUILT_PRODUCTS_DIR)/ScheduleApp.app/ScheduleApp";
			};
			name = Debug;
		};
		4CA0AE3921EEDFBA0028429D /* Release */ = {
			isa = XCBuildConfiguration;
			buildSettings = {
				ALWAYS_EMBED_SWIFT_STANDARD_LIBRARIES = YES;
				BUNDLE_LOADER = "$(TEST_HOST)";
				CODE_SIGN_STYLE = Automatic;
				INFOPLIST_FILE = ScheduleAppTests/Info.plist;
				LD_RUNPATH_SEARCH_PATHS = (
					"$(inherited)",
					"@executable_path/Frameworks",
					"@loader_path/Frameworks",
				);
				PRODUCT_BUNDLE_IDENTIFIER = rolflocher.ScheduleAppTests;
				PRODUCT_NAME = "$(TARGET_NAME)";
				SWIFT_VERSION = 4.2;
				TARGETED_DEVICE_FAMILY = "1,2";
				TEST_HOST = "$(BUILT_PRODUCTS_DIR)/ScheduleApp.app/ScheduleApp";
			};
			name = Release;
		};
		4CA0AE3B21EEDFBA0028429D /* Debug */ = {
			isa = XCBuildConfiguration;
			buildSettings = {
				ALWAYS_EMBED_SWIFT_STANDARD_LIBRARIES = YES;
				CODE_SIGN_STYLE = Automatic;
				INFOPLIST_FILE = ScheduleAppUITests/Info.plist;
				LD_RUNPATH_SEARCH_PATHS = (
					"$(inherited)",
					"@executable_path/Frameworks",
					"@loader_path/Frameworks",
				);
				PRODUCT_BUNDLE_IDENTIFIER = rolflocher.ScheduleAppUITests;
				PRODUCT_NAME = "$(TARGET_NAME)";
				SWIFT_VERSION = 4.2;
				TARGETED_DEVICE_FAMILY = "1,2";
				TEST_TARGET_NAME = ScheduleApp;
			};
			name = Debug;
		};
		4CA0AE3C21EEDFBA0028429D /* Release */ = {
			isa = XCBuildConfiguration;
			buildSettings = {
				ALWAYS_EMBED_SWIFT_STANDARD_LIBRARIES = YES;
				CODE_SIGN_STYLE = Automatic;
				INFOPLIST_FILE = ScheduleAppUITests/Info.plist;
				LD_RUNPATH_SEARCH_PATHS = (
					"$(inherited)",
					"@executable_path/Frameworks",
					"@loader_path/Frameworks",
				);
				PRODUCT_BUNDLE_IDENTIFIER = rolflocher.ScheduleAppUITests;
				PRODUCT_NAME = "$(TARGET_NAME)";
				SWIFT_VERSION = 4.2;
				TARGETED_DEVICE_FAMILY = "1,2";
				TEST_TARGET_NAME = ScheduleApp;
			};
			name = Release;
		};
		4CA0AE5021EEE0250028429D /* Debug */ = {
			isa = XCBuildConfiguration;
			buildSettings = {
				CODE_SIGN_ENTITLEMENTS = ScheduleAppExt/ScheduleAppExt.entitlements;
				CODE_SIGN_STYLE = Automatic;
				DEVELOPMENT_TEAM = UX7GPB828A;
				INFOPLIST_FILE = ScheduleAppExt/Info.plist;
				LD_RUNPATH_SEARCH_PATHS = (
					"$(inherited)",
					"@executable_path/Frameworks",
					"@executable_path/../../Frameworks",
				);
				PRODUCT_BUNDLE_IDENTIFIER = rolflocher.ScheduleApp.ScheduleAppExt;
				PRODUCT_NAME = "$(TARGET_NAME)";
				SKIP_INSTALL = YES;
				SWIFT_VERSION = 4.2;
				TARGETED_DEVICE_FAMILY = "1,2";
			};
			name = Debug;
		};
		4CA0AE5121EEE0250028429D /* Release */ = {
			isa = XCBuildConfiguration;
			buildSettings = {
				CODE_SIGN_ENTITLEMENTS = ScheduleAppExt/ScheduleAppExt.entitlements;
				CODE_SIGN_STYLE = Automatic;
				DEVELOPMENT_TEAM = UX7GPB828A;
				INFOPLIST_FILE = ScheduleAppExt/Info.plist;
				LD_RUNPATH_SEARCH_PATHS = (
					"$(inherited)",
					"@executable_path/Frameworks",
					"@executable_path/../../Frameworks",
				);
				PRODUCT_BUNDLE_IDENTIFIER = rolflocher.ScheduleApp.ScheduleAppExt;
				PRODUCT_NAME = "$(TARGET_NAME)";
				SKIP_INSTALL = YES;
				SWIFT_VERSION = 4.2;
				TARGETED_DEVICE_FAMILY = "1,2";
			};
			name = Release;
		};
/* End XCBuildConfiguration section */

/* Begin XCConfigurationList section */
		4CA0AE0721EEDFB90028429D /* Build configuration list for PBXProject "ScheduleApp" */ = {
			isa = XCConfigurationList;
			buildConfigurations = (
				4CA0AE3221EEDFBA0028429D /* Debug */,
				4CA0AE3321EEDFBA0028429D /* Release */,
			);
			defaultConfigurationIsVisible = 0;
			defaultConfigurationName = Release;
		};
		4CA0AE3421EEDFBA0028429D /* Build configuration list for PBXNativeTarget "ScheduleApp" */ = {
			isa = XCConfigurationList;
			buildConfigurations = (
				4CA0AE3521EEDFBA0028429D /* Debug */,
				4CA0AE3621EEDFBA0028429D /* Release */,
			);
			defaultConfigurationIsVisible = 0;
			defaultConfigurationName = Release;
		};
		4CA0AE3721EEDFBA0028429D /* Build configuration list for PBXNativeTarget "ScheduleAppTests" */ = {
			isa = XCConfigurationList;
			buildConfigurations = (
				4CA0AE3821EEDFBA0028429D /* Debug */,
				4CA0AE3921EEDFBA0028429D /* Release */,
			);
			defaultConfigurationIsVisible = 0;
			defaultConfigurationName = Release;
		};
		4CA0AE3A21EEDFBA0028429D /* Build configuration list for PBXNativeTarget "ScheduleAppUITests" */ = {
			isa = XCConfigurationList;
			buildConfigurations = (
				4CA0AE3B21EEDFBA0028429D /* Debug */,
				4CA0AE3C21EEDFBA0028429D /* Release */,
			);
			defaultConfigurationIsVisible = 0;
			defaultConfigurationName = Release;
		};
		4CA0AE4F21EEE0250028429D /* Build configuration list for PBXNativeTarget "ScheduleAppExt" */ = {
			isa = XCConfigurationList;
			buildConfigurations = (
				4CA0AE5021EEE0250028429D /* Debug */,
				4CA0AE5121EEE0250028429D /* Release */,
			);
			defaultConfigurationIsVisible = 0;
			defaultConfigurationName = Release;
		};
/* End XCConfigurationList section */
	};
	rootObject = 4CA0AE0421EEDFB90028429D /* Project object */;
}
